
Microsoft Visual Studio Solution File, Format Version 12.00
# Visual Studio Version 17
VisualStudioVersion = 17.2.32630.192
MinimumVisualStudioVersion = 10.0.40219.1
Project("{8BC9CEB8-8B4A-11D0-8D11-00A0C91BC942}") = "RPN _ RobotInField", "RPN _ RobotInField\RPN _ RobotInField.vcxproj", "{74B28ED9-7F36-41A2-B6D0-787F2DF8AF2D}"
EndProject
Global
	GlobalSection(SolutionConfigurationPlatforms) = preSolution
		Debug|x64 = Debug|x64
		Debug|x86 = Debug|x86
		Release|x64 = Release|x64
		Release|x86 = Release|x86
	EndGlobalSection
	GlobalSection(ProjectConfigurationPlatforms) = postSolution
		{74B28ED9-7F36-41A2-B6D0-787F2DF8AF2D}.Debug|x64.ActiveCfg = Debug|x64
		{74B28ED9-7F36-41A2-B6D0-787F2DF8AF2D}.Debug|x64.Build.0 = Debug|x64
		{74B28ED9-7F36-41A2-B6D0-787F2DF8AF2D}.Debug|x86.ActiveCfg = Debug|Win32
		{74B28ED9-7F36-41A2-B6D0-787F2DF8AF2D}.Debug|x86.Build.0 = Debug|Win32
		{74B28ED9-7F36-41A2-B6D0-787F2DF8AF2D}.Release|x64.ActiveCfg = Release|x64
		{74B28ED9-7F36-41A2-B6D0-787F2DF8AF2D}.Release|x64.Build.0 = Release|x64
		{74B28ED9-7F36-41A2-B6D0-787F2DF8AF2D}.Release|x86.ActiveCfg = Release|Win32
		{74B28ED9-7F36-41A2-B6D0-787F2DF8AF2D}.Release|x86.Build.0 = Release|Win32
	EndGlobalSection
	GlobalSection(SolutionProperties) = preSolution
		HideSolutionNode = FALSE
	EndGlobalSection
	GlobalSection(ExtensibilityGlobals) = postSolution
		SolutionGuid = {31D53C0B-A16F-401A-86C7-68BAC8A377B0}
	EndGlobalSection
EndGlobal
