
Microsoft Visual Studio Solution File, Format Version 12.00
# Visual Studio Version 17
VisualStudioVersion = 17.2.32630.192
MinimumVisualStudioVersion = 10.0.40219.1
Project("{8BC9CEB8-8B4A-11D0-8D11-00A0C91BC942}") = "WindowsTest", "WindowsTest\WindowsTest.vcxproj", "{22DDD397-8D9B-427E-AA80-C465B5D4C1C7}"
EndProject
Global
	GlobalSection(SolutionConfigurationPlatforms) = preSolution
		Debug|x64 = Debug|x64
		Debug|x86 = Debug|x86
		Release|x64 = Release|x64
		Release|x86 = Release|x86
	EndGlobalSection
	GlobalSection(ProjectConfigurationPlatforms) = postSolution
		{22DDD397-8D9B-427E-AA80-C465B5D4C1C7}.Debug|x64.ActiveCfg = Debug|x64
		{22DDD397-8D9B-427E-AA80-C465B5D4C1C7}.Debug|x64.Build.0 = Debug|x64
		{22DDD397-8D9B-427E-AA80-C465B5D4C1C7}.Debug|x86.ActiveCfg = Debug|Win32
		{22DDD397-8D9B-427E-AA80-C465B5D4C1C7}.Debug|x86.Build.0 = Debug|Win32
		{22DDD397-8D9B-427E-AA80-C465B5D4C1C7}.Release|x64.ActiveCfg = Release|x64
		{22DDD397-8D9B-427E-AA80-C465B5D4C1C7}.Release|x64.Build.0 = Release|x64
		{22DDD397-8D9B-427E-AA80-C465B5D4C1C7}.Release|x86.ActiveCfg = Release|Win32
		{22DDD397-8D9B-427E-AA80-C465B5D4C1C7}.Release|x86.Build.0 = Release|Win32
	EndGlobalSection
	GlobalSection(SolutionProperties) = preSolution
		HideSolutionNode = FALSE
	EndGlobalSection
	GlobalSection(ExtensibilityGlobals) = postSolution
		SolutionGuid = {E84ACEFC-7147-4CC8-99DB-3F8E4A96B8AC}
	EndGlobalSection
EndGlobal
